// !$*UTF8*$!
{
	archiveVersion = 1;
	classes = {
	};
	objectVersion = 56;
	objects = {

/* Begin PBXBuildFile section */
		B339604B2AA5A4DE008BA5B6 /* KakaoLogoutResponse.swift in Sources */ = {isa = PBXBuildFile; fileRef = B339604A2AA5A4DE008BA5B6 /* KakaoLogoutResponse.swift */; };
		B339604D2AA5AFCD008BA5B6 /* KakaoLogoutService.swift in Sources */ = {isa = PBXBuildFile; fileRef = B339604C2AA5AFCD008BA5B6 /* KakaoLogoutService.swift */; };
		B339604F2AA99137008BA5B6 /* ExMusicList.swift in Sources */ = {isa = PBXBuildFile; fileRef = B339604E2AA99137008BA5B6 /* ExMusicList.swift */; };
		B33960512AA99AB3008BA5B6 /* TableViewCell.swift in Sources */ = {isa = PBXBuildFile; fileRef = B33960502AA99AB3008BA5B6 /* TableViewCell.swift */; };
		B33C4BD32A6E50AA0098EE33 /* AppDelegate.swift in Sources */ = {isa = PBXBuildFile; fileRef = B33C4BD22A6E50AA0098EE33 /* AppDelegate.swift */; };
		B33C4BD52A6E50AA0098EE33 /* SceneDelegate.swift in Sources */ = {isa = PBXBuildFile; fileRef = B33C4BD42A6E50AA0098EE33 /* SceneDelegate.swift */; };
		B33C4BD72A6E50AA0098EE33 /* ViewController.swift in Sources */ = {isa = PBXBuildFile; fileRef = B33C4BD62A6E50AA0098EE33 /* ViewController.swift */; };
		B33C4BDA2A6E50AA0098EE33 /* Main.storyboard in Resources */ = {isa = PBXBuildFile; fileRef = B33C4BD82A6E50AA0098EE33 /* Main.storyboard */; };
		B33C4BDC2A6E50AB0098EE33 /* Assets.xcassets in Resources */ = {isa = PBXBuildFile; fileRef = B33C4BDB2A6E50AB0098EE33 /* Assets.xcassets */; };
		B33C4BDF2A6E50AB0098EE33 /* LaunchScreen.storyboard in Resources */ = {isa = PBXBuildFile; fileRef = B33C4BDD2A6E50AB0098EE33 /* LaunchScreen.storyboard */; };
		B33C4BE72A6E82600098EE33 /* SignUpViewController.storyboard in Resources */ = {isa = PBXBuildFile; fileRef = B33C4BE62A6E82600098EE33 /* SignUpViewController.storyboard */; };
		B37C51562A762AF000C5F93A /* MusicRecommendViewController.swift in Sources */ = {isa = PBXBuildFile; fileRef = B37C51552A762AF000C5F93A /* MusicRecommendViewController.swift */; };
		B37C51582A763B1C00C5F93A /* SignUpViewController.swift in Sources */ = {isa = PBXBuildFile; fileRef = B37C51572A763B1C00C5F93A /* SignUpViewController.swift */; };
		B388BC412A9CA47E0057615E /* KeyChain.swift in Sources */ = {isa = PBXBuildFile; fileRef = B388BC402A9CA47E0057615E /* KeyChain.swift */; };
		B3943E792A8FA13200D1AAB6 /* KakaoLoginService.swift in Sources */ = {isa = PBXBuildFile; fileRef = B3943E782A8FA13200D1AAB6 /* KakaoLoginService.swift */; };
		B3943E7B2A8FA5F400D1AAB6 /* NetworkHelper.swift in Sources */ = {isa = PBXBuildFile; fileRef = B3943E7A2A8FA5F400D1AAB6 /* NetworkHelper.swift */; };
		B394809C2A7E6BC90014C92D /* UnregisterViewController.swift in Sources */ = {isa = PBXBuildFile; fileRef = B394809B2A7E6BC90014C92D /* UnregisterViewController.swift */; };
		B397723B2A8CBAD40026A6CC /* APIConstants.swift in Sources */ = {isa = PBXBuildFile; fileRef = B397723A2A8CBAD40026A6CC /* APIConstants.swift */; };
		B39772412A8CDD4B0026A6CC /* KakaoLoginResponse.swift in Sources */ = {isa = PBXBuildFile; fileRef = B39772402A8CDD4B0026A6CC /* KakaoLoginResponse.swift */; };
		B39772432A8CE5860026A6CC /* NetworkResult.swift in Sources */ = {isa = PBXBuildFile; fileRef = B39772422A8CE5860026A6CC /* NetworkResult.swift */; };
		B3CA0F282A9E3C3E0037B598 /* MusicListNavigationViewController.swift in Sources */ = {isa = PBXBuildFile; fileRef = B3CA0F272A9E3C3E0037B598 /* MusicListNavigationViewController.swift */; };
		B3E36DE62A73AFD1000794F7 /* BaseTableBarController.swift in Sources */ = {isa = PBXBuildFile; fileRef = B3E36DE52A73AFD1000794F7 /* BaseTableBarController.swift */; };
		B3E36DE82A73B59B000794F7 /* MusicViewController.swift in Sources */ = {isa = PBXBuildFile; fileRef = B3E36DE72A73B59B000794F7 /* MusicViewController.swift */; };
		B3E36DEA2A73B5AC000794F7 /* ListViewController.swift in Sources */ = {isa = PBXBuildFile; fileRef = B3E36DE92A73B5AC000794F7 /* ListViewController.swift */; };
		B3E36DEC2A73B5BD000794F7 /* MyPageViewController.swift in Sources */ = {isa = PBXBuildFile; fileRef = B3E36DEB2A73B5BD000794F7 /* MyPageViewController.swift */; };
		B3E36DEE2A755D95000794F7 /* TableViewController.swift in Sources */ = {isa = PBXBuildFile; fileRef = B3E36DED2A755D95000794F7 /* TableViewController.swift */; };
		B3E36DF02A755DFD000794F7 /* DetailViewController.swift in Sources */ = {isa = PBXBuildFile; fileRef = B3E36DEF2A755DFD000794F7 /* DetailViewController.swift */; };
		B3ECE8002A725AB600AABF89 /* Pretendard-Regular.otf in Resources */ = {isa = PBXBuildFile; fileRef = B3ECE7F72A725AB600AABF89 /* Pretendard-Regular.otf */; };
		B3ECE8012A725AB600AABF89 /* Pretendard-SemiBold.otf in Resources */ = {isa = PBXBuildFile; fileRef = B3ECE7F82A725AB600AABF89 /* Pretendard-SemiBold.otf */; };
		B3ECE8022A725AB600AABF89 /* Pretendard-Medium.otf in Resources */ = {isa = PBXBuildFile; fileRef = B3ECE7F92A725AB600AABF89 /* Pretendard-Medium.otf */; };
		B3ECE8032A725AB600AABF89 /* Pretendard-Black.otf in Resources */ = {isa = PBXBuildFile; fileRef = B3ECE7FA2A725AB600AABF89 /* Pretendard-Black.otf */; };
		B3ECE8042A725AB600AABF89 /* Pretendard-ExtraBold.otf in Resources */ = {isa = PBXBuildFile; fileRef = B3ECE7FB2A725AB600AABF89 /* Pretendard-ExtraBold.otf */; };
		B3ECE8052A725AB600AABF89 /* Pretendard-Light.otf in Resources */ = {isa = PBXBuildFile; fileRef = B3ECE7FC2A725AB600AABF89 /* Pretendard-Light.otf */; };
		B3ECE8062A725AB600AABF89 /* Pretendard-Thin.otf in Resources */ = {isa = PBXBuildFile; fileRef = B3ECE7FD2A725AB600AABF89 /* Pretendard-Thin.otf */; };
		B3ECE8072A725AB600AABF89 /* Pretendard-Bold.otf in Resources */ = {isa = PBXBuildFile; fileRef = B3ECE7FE2A725AB600AABF89 /* Pretendard-Bold.otf */; };
		B3ECE8082A725AB600AABF89 /* Pretendard-ExtraLight.otf in Resources */ = {isa = PBXBuildFile; fileRef = B3ECE7FF2A725AB600AABF89 /* Pretendard-ExtraLight.otf */; };
		D779D965F164C364A4EB615C /* Pods_Pmu.framework in Frameworks */ = {isa = PBXBuildFile; fileRef = 66E80017FF209CCB83D32454 /* Pods_Pmu.framework */; };
/* End PBXBuildFile section */

/* Begin PBXFileReference section */
		66E80017FF209CCB83D32454 /* Pods_Pmu.framework */ = {isa = PBXFileReference; explicitFileType = wrapper.framework; includeInIndex = 0; path = Pods_Pmu.framework; sourceTree = BUILT_PRODUCTS_DIR; };
		81097802FB0E747BBACF0CD4 /* Pods-Pmu.debug.xcconfig */ = {isa = PBXFileReference; includeInIndex = 1; lastKnownFileType = text.xcconfig; name = "Pods-Pmu.debug.xcconfig"; path = "Target Support Files/Pods-Pmu/Pods-Pmu.debug.xcconfig"; sourceTree = "<group>"; };
		B339604A2AA5A4DE008BA5B6 /* KakaoLogoutResponse.swift */ = {isa = PBXFileReference; lastKnownFileType = sourcecode.swift; path = KakaoLogoutResponse.swift; sourceTree = "<group>"; };
		B339604C2AA5AFCD008BA5B6 /* KakaoLogoutService.swift */ = {isa = PBXFileReference; lastKnownFileType = sourcecode.swift; path = KakaoLogoutService.swift; sourceTree = "<group>"; };
		B339604E2AA99137008BA5B6 /* ExMusicList.swift */ = {isa = PBXFileReference; lastKnownFileType = sourcecode.swift; path = ExMusicList.swift; sourceTree = "<group>"; };
		B33960502AA99AB3008BA5B6 /* TableViewCell.swift */ = {isa = PBXFileReference; lastKnownFileType = sourcecode.swift; path = TableViewCell.swift; sourceTree = "<group>"; };
		B33C4BCF2A6E50AA0098EE33 /* Pmu.app */ = {isa = PBXFileReference; explicitFileType = wrapper.application; includeInIndex = 0; path = Pmu.app; sourceTree = BUILT_PRODUCTS_DIR; };
		B33C4BD22A6E50AA0098EE33 /* AppDelegate.swift */ = {isa = PBXFileReference; lastKnownFileType = sourcecode.swift; path = AppDelegate.swift; sourceTree = "<group>"; };
		B33C4BD42A6E50AA0098EE33 /* SceneDelegate.swift */ = {isa = PBXFileReference; lastKnownFileType = sourcecode.swift; path = SceneDelegate.swift; sourceTree = "<group>"; };
		B33C4BD62A6E50AA0098EE33 /* ViewController.swift */ = {isa = PBXFileReference; lastKnownFileType = sourcecode.swift; path = ViewController.swift; sourceTree = "<group>"; };
		B33C4BD92A6E50AA0098EE33 /* Base */ = {isa = PBXFileReference; lastKnownFileType = file.storyboard; name = Base; path = Base.lproj/Main.storyboard; sourceTree = "<group>"; };
		B33C4BDB2A6E50AB0098EE33 /* Assets.xcassets */ = {isa = PBXFileReference; lastKnownFileType = folder.assetcatalog; path = Assets.xcassets; sourceTree = "<group>"; };
		B33C4BDE2A6E50AB0098EE33 /* Base */ = {isa = PBXFileReference; lastKnownFileType = file.storyboard; name = Base; path = Base.lproj/LaunchScreen.storyboard; sourceTree = "<group>"; };
		B33C4BE02A6E50AB0098EE33 /* Info.plist */ = {isa = PBXFileReference; lastKnownFileType = text.plist.xml; path = Info.plist; sourceTree = "<group>"; };
		B33C4BE62A6E82600098EE33 /* SignUpViewController.storyboard */ = {isa = PBXFileReference; lastKnownFileType = file.storyboard; path = SignUpViewController.storyboard; sourceTree = "<group>"; };
		B37C51552A762AF000C5F93A /* MusicRecommendViewController.swift */ = {isa = PBXFileReference; lastKnownFileType = sourcecode.swift; path = MusicRecommendViewController.swift; sourceTree = "<group>"; };
		B37C51572A763B1C00C5F93A /* SignUpViewController.swift */ = {isa = PBXFileReference; lastKnownFileType = sourcecode.swift; path = SignUpViewController.swift; sourceTree = "<group>"; };
		B388BC402A9CA47E0057615E /* KeyChain.swift */ = {isa = PBXFileReference; lastKnownFileType = sourcecode.swift; path = KeyChain.swift; sourceTree = "<group>"; };
		B3943E782A8FA13200D1AAB6 /* KakaoLoginService.swift */ = {isa = PBXFileReference; lastKnownFileType = sourcecode.swift; name = KakaoLoginService.swift; path = ../KakaoLoginService.swift; sourceTree = "<group>"; };
		B3943E7A2A8FA5F400D1AAB6 /* NetworkHelper.swift */ = {isa = PBXFileReference; lastKnownFileType = sourcecode.swift; path = NetworkHelper.swift; sourceTree = "<group>"; };
		B394809B2A7E6BC90014C92D /* UnregisterViewController.swift */ = {isa = PBXFileReference; lastKnownFileType = sourcecode.swift; path = UnregisterViewController.swift; sourceTree = "<group>"; };
		B397723A2A8CBAD40026A6CC /* APIConstants.swift */ = {isa = PBXFileReference; lastKnownFileType = sourcecode.swift; path = APIConstants.swift; sourceTree = "<group>"; };
		B39772402A8CDD4B0026A6CC /* KakaoLoginResponse.swift */ = {isa = PBXFileReference; lastKnownFileType = sourcecode.swift; path = KakaoLoginResponse.swift; sourceTree = "<group>"; };
		B39772422A8CE5860026A6CC /* NetworkResult.swift */ = {isa = PBXFileReference; lastKnownFileType = sourcecode.swift; path = NetworkResult.swift; sourceTree = "<group>"; };
		B3CA0F272A9E3C3E0037B598 /* MusicListNavigationViewController.swift */ = {isa = PBXFileReference; lastKnownFileType = sourcecode.swift; path = MusicListNavigationViewController.swift; sourceTree = "<group>"; };
		B3E36DE52A73AFD1000794F7 /* BaseTableBarController.swift */ = {isa = PBXFileReference; lastKnownFileType = sourcecode.swift; path = BaseTableBarController.swift; sourceTree = "<group>"; };
		B3E36DE72A73B59B000794F7 /* MusicViewController.swift */ = {isa = PBXFileReference; lastKnownFileType = sourcecode.swift; path = MusicViewController.swift; sourceTree = "<group>"; };
		B3E36DE92A73B5AC000794F7 /* ListViewController.swift */ = {isa = PBXFileReference; lastKnownFileType = sourcecode.swift; path = ListViewController.swift; sourceTree = "<group>"; };
		B3E36DEB2A73B5BD000794F7 /* MyPageViewController.swift */ = {isa = PBXFileReference; lastKnownFileType = sourcecode.swift; path = MyPageViewController.swift; sourceTree = "<group>"; };
		B3E36DED2A755D95000794F7 /* TableViewController.swift */ = {isa = PBXFileReference; lastKnownFileType = sourcecode.swift; path = TableViewController.swift; sourceTree = "<group>"; };
		B3E36DEF2A755DFD000794F7 /* DetailViewController.swift */ = {isa = PBXFileReference; lastKnownFileType = sourcecode.swift; path = DetailViewController.swift; sourceTree = "<group>"; };
		B3ECE7F72A725AB600AABF89 /* Pretendard-Regular.otf */ = {isa = PBXFileReference; lastKnownFileType = file; path = "Pretendard-Regular.otf"; sourceTree = "<group>"; };
		B3ECE7F82A725AB600AABF89 /* Pretendard-SemiBold.otf */ = {isa = PBXFileReference; lastKnownFileType = file; path = "Pretendard-SemiBold.otf"; sourceTree = "<group>"; };
		B3ECE7F92A725AB600AABF89 /* Pretendard-Medium.otf */ = {isa = PBXFileReference; lastKnownFileType = file; path = "Pretendard-Medium.otf"; sourceTree = "<group>"; };
		B3ECE7FA2A725AB600AABF89 /* Pretendard-Black.otf */ = {isa = PBXFileReference; lastKnownFileType = file; path = "Pretendard-Black.otf"; sourceTree = "<group>"; };
		B3ECE7FB2A725AB600AABF89 /* Pretendard-ExtraBold.otf */ = {isa = PBXFileReference; lastKnownFileType = file; path = "Pretendard-ExtraBold.otf"; sourceTree = "<group>"; };
		B3ECE7FC2A725AB600AABF89 /* Pretendard-Light.otf */ = {isa = PBXFileReference; lastKnownFileType = file; path = "Pretendard-Light.otf"; sourceTree = "<group>"; };
		B3ECE7FD2A725AB600AABF89 /* Pretendard-Thin.otf */ = {isa = PBXFileReference; lastKnownFileType = file; path = "Pretendard-Thin.otf"; sourceTree = "<group>"; };
		B3ECE7FE2A725AB600AABF89 /* Pretendard-Bold.otf */ = {isa = PBXFileReference; lastKnownFileType = file; path = "Pretendard-Bold.otf"; sourceTree = "<group>"; };
		B3ECE7FF2A725AB600AABF89 /* Pretendard-ExtraLight.otf */ = {isa = PBXFileReference; lastKnownFileType = file; path = "Pretendard-ExtraLight.otf"; sourceTree = "<group>"; };
		D3FA6F5F931E88F28BA0A48A /* Pods-Pmu.release.xcconfig */ = {isa = PBXFileReference; includeInIndex = 1; lastKnownFileType = text.xcconfig; name = "Pods-Pmu.release.xcconfig"; path = "Target Support Files/Pods-Pmu/Pods-Pmu.release.xcconfig"; sourceTree = "<group>"; };
/* End PBXFileReference section */

/* Begin PBXFrameworksBuildPhase section */
		B33C4BCC2A6E50AA0098EE33 /* Frameworks */ = {
			isa = PBXFrameworksBuildPhase;
			buildActionMask = 2147483647;
			files = (
				D779D965F164C364A4EB615C /* Pods_Pmu.framework in Frameworks */,
			);
			runOnlyForDeploymentPostprocessing = 0;
		};
/* End PBXFrameworksBuildPhase section */

/* Begin PBXGroup section */
		B33C4BC62A6E50AA0098EE33 = {
			isa = PBXGroup;
			children = (
				B33C4BD12A6E50AA0098EE33 /* Pmu */,
				B33C4BD02A6E50AA0098EE33 /* Products */,
				D697E5548CB55D1A42B444DD /* Pods */,
				CDB839B87BFC75AB5D3F5F79 /* Frameworks */,
			);
			sourceTree = "<group>";
		};
		B33C4BD02A6E50AA0098EE33 /* Products */ = {
			isa = PBXGroup;
			children = (
				B33C4BCF2A6E50AA0098EE33 /* Pmu.app */,
			);
			name = Products;
			sourceTree = "<group>";
		};
		B33C4BD12A6E50AA0098EE33 /* Pmu */ = {
			isa = PBXGroup;
			children = (
				B3ECE7F62A725A7100AABF89 /* Font */,
				B33C4BD22A6E50AA0098EE33 /* AppDelegate.swift */,
				B33C4BD42A6E50AA0098EE33 /* SceneDelegate.swift */,
				B33C4BD82A6E50AA0098EE33 /* Main.storyboard */,
				B33C4BE62A6E82600098EE33 /* SignUpViewController.storyboard */,
				B33C4BDD2A6E50AB0098EE33 /* LaunchScreen.storyboard */,
				B33C4BDB2A6E50AB0098EE33 /* Assets.xcassets */,
				B33C4BE02A6E50AB0098EE33 /* Info.plist */,
				B33C4BD62A6E50AA0098EE33 /* ViewController.swift */,
				B37C51572A763B1C00C5F93A /* SignUpViewController.swift */,
				B3E36DE52A73AFD1000794F7 /* BaseTableBarController.swift */,
				B3E36DE72A73B59B000794F7 /* MusicViewController.swift */,
				B37C51552A762AF000C5F93A /* MusicRecommendViewController.swift */,
				B3CA0F272A9E3C3E0037B598 /* MusicListNavigationViewController.swift */,
				B3E36DE92A73B5AC000794F7 /* ListViewController.swift */,
				B3E36DED2A755D95000794F7 /* TableViewController.swift */,
				B33960502AA99AB3008BA5B6 /* TableViewCell.swift */,
				B3E36DEF2A755DFD000794F7 /* DetailViewController.swift */,
				B3E36DEB2A73B5BD000794F7 /* MyPageViewController.swift */,
				B394809B2A7E6BC90014C92D /* UnregisterViewController.swift */,
				B3943E772A8F93FF00D1AAB6 /* Models */,
				B397723A2A8CBAD40026A6CC /* APIConstants.swift */,
				B39772422A8CE5860026A6CC /* NetworkResult.swift */,
				B3943E782A8FA13200D1AAB6 /* KakaoLoginService.swift */,
				B339604C2AA5AFCD008BA5B6 /* KakaoLogoutService.swift */,
				B3943E7A2A8FA5F400D1AAB6 /* NetworkHelper.swift */,
				B388BC402A9CA47E0057615E /* KeyChain.swift */,
				B339604E2AA99137008BA5B6 /* ExMusicList.swift */,
			);
			path = Pmu;
			sourceTree = "<group>";
		};
		B3943E772A8F93FF00D1AAB6 /* Models */ = {
			isa = PBXGroup;
			children = (
				B39772402A8CDD4B0026A6CC /* KakaoLoginResponse.swift */,
				B339604A2AA5A4DE008BA5B6 /* KakaoLogoutResponse.swift */,
			);
			path = Models;
			sourceTree = "<group>";
		};
		B3ECE7F62A725A7100AABF89 /* Font */ = {
			isa = PBXGroup;
			children = (
				B3ECE7FA2A725AB600AABF89 /* Pretendard-Black.otf */,
				B3ECE7FE2A725AB600AABF89 /* Pretendard-Bold.otf */,
				B3ECE7FB2A725AB600AABF89 /* Pretendard-ExtraBold.otf */,
				B3ECE7FF2A725AB600AABF89 /* Pretendard-ExtraLight.otf */,
				B3ECE7FC2A725AB600AABF89 /* Pretendard-Light.otf */,
				B3ECE7F92A725AB600AABF89 /* Pretendard-Medium.otf */,
				B3ECE7F72A725AB600AABF89 /* Pretendard-Regular.otf */,
				B3ECE7F82A725AB600AABF89 /* Pretendard-SemiBold.otf */,
				B3ECE7FD2A725AB600AABF89 /* Pretendard-Thin.otf */,
			);
			path = Font;
			sourceTree = "<group>";
		};
		CDB839B87BFC75AB5D3F5F79 /* Frameworks */ = {
			isa = PBXGroup;
			children = (
				66E80017FF209CCB83D32454 /* Pods_Pmu.framework */,
			);
			name = Frameworks;
			sourceTree = "<group>";
		};
		D697E5548CB55D1A42B444DD /* Pods */ = {
			isa = PBXGroup;
			children = (
				81097802FB0E747BBACF0CD4 /* Pods-Pmu.debug.xcconfig */,
				D3FA6F5F931E88F28BA0A48A /* Pods-Pmu.release.xcconfig */,
			);
			path = Pods;
			sourceTree = "<group>";
		};
/* End PBXGroup section */

/* Begin PBXNativeTarget section */
		B33C4BCE2A6E50AA0098EE33 /* Pmu */ = {
			isa = PBXNativeTarget;
			buildConfigurationList = B33C4BE32A6E50AB0098EE33 /* Build configuration list for PBXNativeTarget "Pmu" */;
			buildPhases = (
				7994C6DE140B1D27CC5C8334 /* [CP] Check Pods Manifest.lock */,
				B33C4BCB2A6E50AA0098EE33 /* Sources */,
				B33C4BCC2A6E50AA0098EE33 /* Frameworks */,
				B33C4BCD2A6E50AA0098EE33 /* Resources */,
				883C7E7B18C430ED099A701A /* [CP] Embed Pods Frameworks */,
			);
			buildRules = (
			);
			dependencies = (
			);
			name = Pmu;
			productName = Pmu;
			productReference = B33C4BCF2A6E50AA0098EE33 /* Pmu.app */;
			productType = "com.apple.product-type.application";
		};
/* End PBXNativeTarget section */

/* Begin PBXProject section */
		B33C4BC72A6E50AA0098EE33 /* Project object */ = {
			isa = PBXProject;
			attributes = {
				BuildIndependentTargetsInParallel = 1;
				LastSwiftUpdateCheck = 1430;
				LastUpgradeCheck = 1430;
				TargetAttributes = {
					B33C4BCE2A6E50AA0098EE33 = {
						CreatedOnToolsVersion = 14.3.1;
					};
				};
			};
			buildConfigurationList = B33C4BCA2A6E50AA0098EE33 /* Build configuration list for PBXProject "Pmu" */;
			compatibilityVersion = "Xcode 14.0";
			developmentRegion = en;
			hasScannedForEncodings = 0;
			knownRegions = (
				en,
				Base,
			);
			mainGroup = B33C4BC62A6E50AA0098EE33;
			productRefGroup = B33C4BD02A6E50AA0098EE33 /* Products */;
			projectDirPath = "";
			projectRoot = "";
			targets = (
				B33C4BCE2A6E50AA0098EE33 /* Pmu */,
			);
		};
/* End PBXProject section */

/* Begin PBXResourcesBuildPhase section */
		B33C4BCD2A6E50AA0098EE33 /* Resources */ = {
			isa = PBXResourcesBuildPhase;
			buildActionMask = 2147483647;
			files = (
				B3ECE8022A725AB600AABF89 /* Pretendard-Medium.otf in Resources */,
				B3ECE8072A725AB600AABF89 /* Pretendard-Bold.otf in Resources */,
				B33C4BDF2A6E50AB0098EE33 /* LaunchScreen.storyboard in Resources */,
				B3ECE8042A725AB600AABF89 /* Pretendard-ExtraBold.otf in Resources */,
				B3ECE8052A725AB600AABF89 /* Pretendard-Light.otf in Resources */,
				B33C4BDC2A6E50AB0098EE33 /* Assets.xcassets in Resources */,
				B3ECE8002A725AB600AABF89 /* Pretendard-Regular.otf in Resources */,
				B3ECE8082A725AB600AABF89 /* Pretendard-ExtraLight.otf in Resources */,
				B3ECE8012A725AB600AABF89 /* Pretendard-SemiBold.otf in Resources */,
				B33C4BDA2A6E50AA0098EE33 /* Main.storyboard in Resources */,
				B3ECE8032A725AB600AABF89 /* Pretendard-Black.otf in Resources */,
				B3ECE8062A725AB600AABF89 /* Pretendard-Thin.otf in Resources */,
				B33C4BE72A6E82600098EE33 /* SignUpViewController.storyboard in Resources */,
			);
			runOnlyForDeploymentPostprocessing = 0;
		};
/* End PBXResourcesBuildPhase section */

/* Begin PBXShellScriptBuildPhase section */
		7994C6DE140B1D27CC5C8334 /* [CP] Check Pods Manifest.lock */ = {
			isa = PBXShellScriptBuildPhase;
			buildActionMask = 2147483647;
			files = (
			);
			inputFileListPaths = (
			);
			inputPaths = (
				"${PODS_PODFILE_DIR_PATH}/Podfile.lock",
				"${PODS_ROOT}/Manifest.lock",
			);
			name = "[CP] Check Pods Manifest.lock";
			outputFileListPaths = (
			);
			outputPaths = (
				"$(DERIVED_FILE_DIR)/Pods-Pmu-checkManifestLockResult.txt",
			);
			runOnlyForDeploymentPostprocessing = 0;
			shellPath = /bin/sh;
			shellScript = "diff \"${PODS_PODFILE_DIR_PATH}/Podfile.lock\" \"${PODS_ROOT}/Manifest.lock\" > /dev/null\nif [ $? != 0 ] ; then\n    # print error to STDERR\n    echo \"error: The sandbox is not in sync with the Podfile.lock. Run 'pod install' or update your CocoaPods installation.\" >&2\n    exit 1\nfi\n# This output is used by Xcode 'outputs' to avoid re-running this script phase.\necho \"SUCCESS\" > \"${SCRIPT_OUTPUT_FILE_0}\"\n";
			showEnvVarsInLog = 0;
		};
		883C7E7B18C430ED099A701A /* [CP] Embed Pods Frameworks */ = {
			isa = PBXShellScriptBuildPhase;
			buildActionMask = 2147483647;
			files = (
			);
			inputFileListPaths = (
				"${PODS_ROOT}/Target Support Files/Pods-Pmu/Pods-Pmu-frameworks-${CONFIGURATION}-input-files.xcfilelist",
			);
			name = "[CP] Embed Pods Frameworks";
			outputFileListPaths = (
				"${PODS_ROOT}/Target Support Files/Pods-Pmu/Pods-Pmu-frameworks-${CONFIGURATION}-output-files.xcfilelist",
			);
			runOnlyForDeploymentPostprocessing = 0;
			shellPath = /bin/sh;
			shellScript = "\"${PODS_ROOT}/Target Support Files/Pods-Pmu/Pods-Pmu-frameworks.sh\"\n";
			showEnvVarsInLog = 0;
		};
/* End PBXShellScriptBuildPhase section */

/* Begin PBXSourcesBuildPhase section */
		B33C4BCB2A6E50AA0098EE33 /* Sources */ = {
			isa = PBXSourcesBuildPhase;
			buildActionMask = 2147483647;
			files = (
				B339604B2AA5A4DE008BA5B6 /* KakaoLogoutResponse.swift in Sources */,
				B39772412A8CDD4B0026A6CC /* KakaoLoginResponse.swift in Sources */,
				B339604F2AA99137008BA5B6 /* ExMusicList.swift in Sources */,
				B394809C2A7E6BC90014C92D /* UnregisterViewController.swift in Sources */,
				B37C51582A763B1C00C5F93A /* SignUpViewController.swift in Sources */,
				B397723B2A8CBAD40026A6CC /* APIConstants.swift in Sources */,
				B3E36DF02A755DFD000794F7 /* DetailViewController.swift in Sources */,
				B3E36DE62A73AFD1000794F7 /* BaseTableBarController.swift in Sources */,
				B3CA0F282A9E3C3E0037B598 /* MusicListNavigationViewController.swift in Sources */,
				B3E36DE82A73B59B000794F7 /* MusicViewController.swift in Sources */,
				B388BC412A9CA47E0057615E /* KeyChain.swift in Sources */,
				B39772432A8CE5860026A6CC /* NetworkResult.swift in Sources */,
				B37C51562A762AF000C5F93A /* MusicRecommendViewController.swift in Sources */,
				B3E36DEC2A73B5BD000794F7 /* MyPageViewController.swift in Sources */,
				B3943E7B2A8FA5F400D1AAB6 /* NetworkHelper.swift in Sources */,
				B3E36DEE2A755D95000794F7 /* TableViewController.swift in Sources */,
				B3E36DEA2A73B5AC000794F7 /* ListViewController.swift in Sources */,
				B339604D2AA5AFCD008BA5B6 /* KakaoLogoutService.swift in Sources */,
				B33C4BD72A6E50AA0098EE33 /* ViewController.swift in Sources */,
				B3943E792A8FA13200D1AAB6 /* KakaoLoginService.swift in Sources */,
				B33C4BD32A6E50AA0098EE33 /* AppDelegate.swift in Sources */,
				B33C4BD52A6E50AA0098EE33 /* SceneDelegate.swift in Sources */,
				B33960512AA99AB3008BA5B6 /* TableViewCell.swift in Sources */,
			);
			runOnlyForDeploymentPostprocessing = 0;
		};
/* End PBXSourcesBuildPhase section */

/* Begin PBXVariantGroup section */
		B33C4BD82A6E50AA0098EE33 /* Main.storyboard */ = {
			isa = PBXVariantGroup;
			children = (
				B33C4BD92A6E50AA0098EE33 /* Base */,
			);
			name = Main.storyboard;
			sourceTree = "<group>";
		};
		B33C4BDD2A6E50AB0098EE33 /* LaunchScreen.storyboard */ = {
			isa = PBXVariantGroup;
			children = (
				B33C4BDE2A6E50AB0098EE33 /* Base */,
			);
			name = LaunchScreen.storyboard;
			sourceTree = "<group>";
		};
/* End PBXVariantGroup section */

/* Begin XCBuildConfiguration section */
		B33C4BE12A6E50AB0098EE33 /* Debug */ = {
			isa = XCBuildConfiguration;
			buildSettings = {
				ALWAYS_SEARCH_USER_PATHS = NO;
				CLANG_ANALYZER_NONNULL = YES;
				CLANG_ANALYZER_NUMBER_OBJECT_CONVERSION = YES_AGGRESSIVE;
				CLANG_CXX_LANGUAGE_STANDARD = "gnu++20";
				CLANG_ENABLE_MODULES = YES;
				CLANG_ENABLE_OBJC_ARC = YES;
				CLANG_ENABLE_OBJC_WEAK = YES;
				CLANG_WARN_BLOCK_CAPTURE_AUTORELEASING = YES;
				CLANG_WARN_BOOL_CONVERSION = YES;
				CLANG_WARN_COMMA = YES;
				CLANG_WARN_CONSTANT_CONVERSION = YES;
				CLANG_WARN_DEPRECATED_OBJC_IMPLEMENTATIONS = YES;
				CLANG_WARN_DIRECT_OBJC_ISA_USAGE = YES_ERROR;
				CLANG_WARN_DOCUMENTATION_COMMENTS = YES;
				CLANG_WARN_EMPTY_BODY = YES;
				CLANG_WARN_ENUM_CONVERSION = YES;
				CLANG_WARN_INFINITE_RECURSION = YES;
				CLANG_WARN_INT_CONVERSION = YES;
				CLANG_WARN_NON_LITERAL_NULL_CONVERSION = YES;
				CLANG_WARN_OBJC_IMPLICIT_RETAIN_SELF = YES;
				CLANG_WARN_OBJC_LITERAL_CONVERSION = YES;
				CLANG_WARN_OBJC_ROOT_CLASS = YES_ERROR;
				CLANG_WARN_QUOTED_INCLUDE_IN_FRAMEWORK_HEADER = YES;
				CLANG_WARN_RANGE_LOOP_ANALYSIS = YES;
				CLANG_WARN_STRICT_PROTOTYPES = YES;
				CLANG_WARN_SUSPICIOUS_MOVE = YES;
				CLANG_WARN_UNGUARDED_AVAILABILITY = YES_AGGRESSIVE;
				CLANG_WARN_UNREACHABLE_CODE = YES;
				CLANG_WARN__DUPLICATE_METHOD_MATCH = YES;
				COPY_PHASE_STRIP = NO;
				DEBUG_INFORMATION_FORMAT = dwarf;
				ENABLE_STRICT_OBJC_MSGSEND = YES;
				ENABLE_TESTABILITY = YES;
				GCC_C_LANGUAGE_STANDARD = gnu11;
				GCC_DYNAMIC_NO_PIC = NO;
				GCC_NO_COMMON_BLOCKS = YES;
				GCC_OPTIMIZATION_LEVEL = 0;
				GCC_PREPROCESSOR_DEFINITIONS = (
					"DEBUG=1",
					"$(inherited)",
				);
				GCC_WARN_64_TO_32_BIT_CONVERSION = YES;
				GCC_WARN_ABOUT_RETURN_TYPE = YES_ERROR;
				GCC_WARN_UNDECLARED_SELECTOR = YES;
				GCC_WARN_UNINITIALIZED_AUTOS = YES_AGGRESSIVE;
				GCC_WARN_UNUSED_FUNCTION = YES;
				GCC_WARN_UNUSED_VARIABLE = YES;
				IPHONEOS_DEPLOYMENT_TARGET = 16.4;
				MTL_ENABLE_DEBUG_INFO = INCLUDE_SOURCE;
				MTL_FAST_MATH = YES;
				ONLY_ACTIVE_ARCH = YES;
				SDKROOT = iphoneos;
				SWIFT_ACTIVE_COMPILATION_CONDITIONS = DEBUG;
				SWIFT_OPTIMIZATION_LEVEL = "-Onone";
			};
			name = Debug;
		};
		B33C4BE22A6E50AB0098EE33 /* Release */ = {
			isa = XCBuildConfiguration;
			buildSettings = {
				ALWAYS_SEARCH_USER_PATHS = NO;
				CLANG_ANALYZER_NONNULL = YES;
				CLANG_ANALYZER_NUMBER_OBJECT_CONVERSION = YES_AGGRESSIVE;
				CLANG_CXX_LANGUAGE_STANDARD = "gnu++20";
				CLANG_ENABLE_MODULES = YES;
				CLANG_ENABLE_OBJC_ARC = YES;
				CLANG_ENABLE_OBJC_WEAK = YES;
				CLANG_WARN_BLOCK_CAPTURE_AUTORELEASING = YES;
				CLANG_WARN_BOOL_CONVERSION = YES;
				CLANG_WARN_COMMA = YES;
				CLANG_WARN_CONSTANT_CONVERSION = YES;
				CLANG_WARN_DEPRECATED_OBJC_IMPLEMENTATIONS = YES;
				CLANG_WARN_DIRECT_OBJC_ISA_USAGE = YES_ERROR;
				CLANG_WARN_DOCUMENTATION_COMMENTS = YES;
				CLANG_WARN_EMPTY_BODY = YES;
				CLANG_WARN_ENUM_CONVERSION = YES;
				CLANG_WARN_INFINITE_RECURSION = YES;
				CLANG_WARN_INT_CONVERSION = YES;
				CLANG_WARN_NON_LITERAL_NULL_CONVERSION = YES;
				CLANG_WARN_OBJC_IMPLICIT_RETAIN_SELF = YES;
				CLANG_WARN_OBJC_LITERAL_CONVERSION = YES;
				CLANG_WARN_OBJC_ROOT_CLASS = YES_ERROR;
				CLANG_WARN_QUOTED_INCLUDE_IN_FRAMEWORK_HEADER = YES;
				CLANG_WARN_RANGE_LOOP_ANALYSIS = YES;
				CLANG_WARN_STRICT_PROTOTYPES = YES;
				CLANG_WARN_SUSPICIOUS_MOVE = YES;
				CLANG_WARN_UNGUARDED_AVAILABILITY = YES_AGGRESSIVE;
				CLANG_WARN_UNREACHABLE_CODE = YES;
				CLANG_WARN__DUPLICATE_METHOD_MATCH = YES;
				COPY_PHASE_STRIP = NO;
				DEBUG_INFORMATION_FORMAT = "dwarf-with-dsym";
				ENABLE_NS_ASSERTIONS = NO;
				ENABLE_STRICT_OBJC_MSGSEND = YES;
				GCC_C_LANGUAGE_STANDARD = gnu11;
				GCC_NO_COMMON_BLOCKS = YES;
				GCC_WARN_64_TO_32_BIT_CONVERSION = YES;
				GCC_WARN_ABOUT_RETURN_TYPE = YES_ERROR;
				GCC_WARN_UNDECLARED_SELECTOR = YES;
				GCC_WARN_UNINITIALIZED_AUTOS = YES_AGGRESSIVE;
				GCC_WARN_UNUSED_FUNCTION = YES;
				GCC_WARN_UNUSED_VARIABLE = YES;
				IPHONEOS_DEPLOYMENT_TARGET = 16.4;
				MTL_ENABLE_DEBUG_INFO = NO;
				MTL_FAST_MATH = YES;
				SDKROOT = iphoneos;
				SWIFT_COMPILATION_MODE = wholemodule;
				SWIFT_OPTIMIZATION_LEVEL = "-O";
				VALIDATE_PRODUCT = YES;
			};
			name = Release;
		};
		B33C4BE42A6E50AB0098EE33 /* Debug */ = {
			isa = XCBuildConfiguration;
			baseConfigurationReference = 81097802FB0E747BBACF0CD4 /* Pods-Pmu.debug.xcconfig */;
			buildSettings = {
				ASSETCATALOG_COMPILER_APPICON_NAME = AppIcon;
				ASSETCATALOG_COMPILER_GLOBAL_ACCENT_COLOR_NAME = AccentColor;
				CODE_SIGN_STYLE = Automatic;
				CURRENT_PROJECT_VERSION = 1;
				DEVELOPMENT_TEAM = 5KGCPRX2P8;
				GENERATE_INFOPLIST_FILE = YES;
				INFOPLIST_FILE = Pmu/Info.plist;
				INFOPLIST_KEY_UIApplicationSupportsIndirectInputEvents = YES;
				INFOPLIST_KEY_UILaunchStoryboardName = LaunchScreen;
				INFOPLIST_KEY_UIMainStoryboardFile = Main;
				INFOPLIST_KEY_UISupportedInterfaceOrientations_iPad = "UIInterfaceOrientationPortrait UIInterfaceOrientationPortraitUpsideDown UIInterfaceOrientationLandscapeLeft UIInterfaceOrientationLandscapeRight";
				INFOPLIST_KEY_UISupportedInterfaceOrientations_iPhone = "UIInterfaceOrientationPortrait UIInterfaceOrientationLandscapeLeft UIInterfaceOrientationLandscapeRight";
				LD_RUNPATH_SEARCH_PATHS = (
					"$(inherited)",
					"@executable_path/Frameworks",
				);
				MARKETING_VERSION = 1.0;
				PRODUCT_BUNDLE_IDENTIFIER = com.soy.Pmu;
				PRODUCT_NAME = "$(TARGET_NAME)";
				SWIFT_EMIT_LOC_STRINGS = YES;
				SWIFT_VERSION = 5.0;
				TARGETED_DEVICE_FAMILY = "1,2";
			};
			name = Debug;
		};
		B33C4BE52A6E50AB0098EE33 /* Release */ = {
			isa = XCBuildConfiguration;
			baseConfigurationReference = D3FA6F5F931E88F28BA0A48A /* Pods-Pmu.release.xcconfig */;
			buildSettings = {
				ASSETCATALOG_COMPILER_APPICON_NAME = AppIcon;
				ASSETCATALOG_COMPILER_GLOBAL_ACCENT_COLOR_NAME = AccentColor;
				CODE_SIGN_STYLE = Automatic;
				CURRENT_PROJECT_VERSION = 1;
				DEVELOPMENT_TEAM = 5KGCPRX2P8;
				GENERATE_INFOPLIST_FILE = YES;
				INFOPLIST_FILE = Pmu/Info.plist;
				INFOPLIST_KEY_UIApplicationSupportsIndirectInputEvents = YES;
				INFOPLIST_KEY_UILaunchStoryboardName = LaunchScreen;
				INFOPLIST_KEY_UIMainStoryboardFile = Main;
				INFOPLIST_KEY_UISupportedInterfaceOrientations_iPad = "UIInterfaceOrientationPortrait UIInterfaceOrientationPortraitUpsideDown UIInterfaceOrientationLandscapeLeft UIInterfaceOrientationLandscapeRight";
				INFOPLIST_KEY_UISupportedInterfaceOrientations_iPhone = "UIInterfaceOrientationPortrait UIInterfaceOrientationLandscapeLeft UIInterfaceOrientationLandscapeRight";
				LD_RUNPATH_SEARCH_PATHS = (
					"$(inherited)",
					"@executable_path/Frameworks",
				);
				MARKETING_VERSION = 1.0;
				PRODUCT_BUNDLE_IDENTIFIER = com.soy.Pmu;
				PRODUCT_NAME = "$(TARGET_NAME)";
				SWIFT_EMIT_LOC_STRINGS = YES;
				SWIFT_VERSION = 5.0;
				TARGETED_DEVICE_FAMILY = "1,2";
			};
			name = Release;
		};
/* End XCBuildConfiguration section */

/* Begin XCConfigurationList section */
		B33C4BCA2A6E50AA0098EE33 /* Build configuration list for PBXProject "Pmu" */ = {
			isa = XCConfigurationList;
			buildConfigurations = (
				B33C4BE12A6E50AB0098EE33 /* Debug */,
				B33C4BE22A6E50AB0098EE33 /* Release */,
			);
			defaultConfigurationIsVisible = 0;
			defaultConfigurationName = Release;
		};
		B33C4BE32A6E50AB0098EE33 /* Build configuration list for PBXNativeTarget "Pmu" */ = {
			isa = XCConfigurationList;
			buildConfigurations = (
				B33C4BE42A6E50AB0098EE33 /* Debug */,
				B33C4BE52A6E50AB0098EE33 /* Release */,
			);
			defaultConfigurationIsVisible = 0;
			defaultConfigurationName = Release;
		};
/* End XCConfigurationList section */
	};
	rootObject = B33C4BC72A6E50AA0098EE33 /* Project object */;
}
